
Microsoft Visual Studio Solution File, Format Version 12.00
# Visual Studio Version 17
VisualStudioVersion = 17.9.34728.123
MinimumVisualStudioVersion = 10.0.40219.1
Project("{FAE04EC0-301F-11D3-BF4B-00C04F79EFBC}") = "Medical Project", "Medical Project\Medical Project.csproj", "{8CE83DFE-F358-4F84-8596-063F478C3848}"
EndProject
Global
	GlobalSection(SolutionConfigurationPlatforms) = preSolution
		Debug|Any CPU = Debug|Any CPU
		Release|Any CPU = Release|Any CPU
	EndGlobalSection
	GlobalSection(ProjectConfigurationPlatforms) = postSolution
		{8CE83DFE-F358-4F84-8596-063F478C3848}.Debug|Any CPU.ActiveCfg = Debug|Any CPU
		{8CE83DFE-F358-4F84-8596-063F478C3848}.Debug|Any CPU.Build.0 = Debug|Any CPU
		{8CE83DFE-F358-4F84-8596-063F478C3848}.Release|Any CPU.ActiveCfg = Release|Any CPU
		{8CE83DFE-F358-4F84-8596-063F478C3848}.Release|Any CPU.Build.0 = Release|Any CPU
	EndGlobalSection
	GlobalSection(SolutionProperties) = preSolution
		HideSolutionNode = FALSE
	EndGlobalSection
	GlobalSection(ExtensibilityGlobals) = postSolution
		SolutionGuid = {591B66E5-7D0B-4A96-BD87-3558219080B8}
	EndGlobalSection
EndGlobal
